
Microsoft Visual Studio Solution File, Format Version 12.00
# Visual Studio Version 16
VisualStudioVersion = 16.0.29306.81
MinimumVisualStudioVersion = 10.0.40219.1
Project("{FAE04EC0-301F-11D3-BF4B-00C04F79EFBC}") = "netcoreapp", "netcoreapp\netcoreapp.csproj", "{54D3674B-A08B-497E-B510-AB9DC87E2EB6}"
EndProject
Global
	GlobalSection(SolutionConfigurationPlatforms) = preSolution
		Debug|Any CPU = Debug|Any CPU
		Release|Any CPU = Release|Any CPU
	EndGlobalSection
	GlobalSection(ProjectConfigurationPlatforms) = postSolution
		{54D3674B-A08B-497E-B510-AB9DC87E2EB6}.Debug|Any CPU.ActiveCfg = Debug|Any CPU
		{54D3674B-A08B-497E-B510-AB9DC87E2EB6}.Debug|Any CPU.Build.0 = Debug|Any CPU
		{54D3674B-A08B-497E-B510-AB9DC87E2EB6}.Release|Any CPU.ActiveCfg = Release|Any CPU
		{54D3674B-A08B-497E-B510-AB9DC87E2EB6}.Release|Any CPU.Build.0 = Release|Any CPU
	EndGlobalSection
	GlobalSection(SolutionProperties) = preSolution
		HideSolutionNode = FALSE
	EndGlobalSection
	GlobalSection(ExtensibilityGlobals) = postSolution
		SolutionGuid = {4A4E121F-A9D6-4BDA-AD5B-F7B7B2E318AF}
	EndGlobalSection
EndGlobal
